schema: '2.0'
stages:
  split_data:
    cmd: python src/s1.py
    deps:
    - path: data/raw_data/raw.csv
      hash: md5
      md5: c3b3293a9ec349f942a1016fefaa280a
      size: 333757
    outs:
    - path: data/processed_data/X_test.csv
      hash: md5
      md5: bf7f3f3140928c4e4552999edb69cd4d
      size: 53020
    - path: data/processed_data/X_train.csv
      hash: md5
      md5: a07d6f3d8bd781a240eb4b3528f9b443
      size: 210891
    - path: data/processed_data/y_test.csv
      hash: md5
      md5: 16ca4a6556ebc4fd9c69961a5fe91d1d
      size: 6825
    - path: data/processed_data/y_train.csv
      hash: md5
      md5: 2125da04b7bb609fc1a0c3fe27ca3ccf
      size: 27401
  normalisation:
    cmd: python src/s2.py
    deps:
    - path: data/processed_data/X_test.csv
      hash: md5
      md5: bf7f3f3140928c4e4552999edb69cd4d
      size: 53020
    - path: data/processed_data/X_train.csv
      hash: md5
      md5: a07d6f3d8bd781a240eb4b3528f9b443
      size: 210891
    outs:
    - path: data/processed_data/X_test_scaled.csv
      hash: md5
      md5: f46447fa0aabd31c541c3b36520950ad
      size: 57335
    - path: data/processed_data/X_train_scaled.csv
      hash: md5
      md5: 4625277d5c6c171fa9475afc066f1605
      size: 228856
  gridsearch:
    cmd: python src/s3.py
    deps:
    - path: data/processed_data/X_train_scaled.csv
      hash: md5
      md5: 4625277d5c6c171fa9475afc066f1605
      size: 228856
    - path: data/processed_data/y_train.csv
      hash: md5
      md5: 2125da04b7bb609fc1a0c3fe27ca3ccf
      size: 27401
    outs:
    - path: models/best_param.pkl
      hash: md5
      md5: 4ae4c7318e29f401f7658ccd61918afb
      size: 32
  train_model:
    cmd: python src/s4.py
    deps:
    - path: data/processed_data/X_train_scaled.csv
      hash: md5
      md5: 4625277d5c6c171fa9475afc066f1605
      size: 228856
    - path: data/processed_data/y_train.csv
      hash: md5
      md5: 2125da04b7bb609fc1a0c3fe27ca3ccf
      size: 27401
    - path: models/best_param.pkl
      hash: md5
      md5: 4ae4c7318e29f401f7658ccd61918afb
      size: 32
    outs:
    - path: models/best_model.pkl
      hash: md5
      md5: 8bf50903222a39ce885bbf04735451b8
      size: 694
  evaluate:
    cmd: python src/s5.py
    deps:
    - path: data/processed_data/X_test_scaled.csv
      hash: md5
      md5: f46447fa0aabd31c541c3b36520950ad
      size: 57335
    - path: data/processed_data/y_test.csv
      hash: md5
      md5: 16ca4a6556ebc4fd9c69961a5fe91d1d
      size: 6825
    - path: models/best_model.pkl
      hash: md5
      md5: 8bf50903222a39ce885bbf04735451b8
      size: 694
    outs:
    - path: metrics/scores.json
      hash: md5
      md5: 2c149c2f758d3862176a1d395bfa018e
      size: 67
